{
  "object": {
    "pins": [
      {
        "package": "rjps-lib-uf",
        "repositoryURL": "https://github.com/ricardopsantos/RJSLibUF",
        "state": {
          "branch": null,
          "revision": "72b15ba63d83baa243602d75e829f91dc7b6cdcb",
          "version": null
        }
      }
    ]
  },
  "version": 1
}
