{
  "object": {
    "pins": [
      {
        "package": "SwiftUICharts",
        "repositoryURL": "https://github.com/AppPear/ChartView",
        "state": {
          "branch": "master",
          "revision": "08f0053b164f05ccbdb7153b1b3b10b565e8f1f1",
          "version": null
        }
      },
      {
        "package": "QGrid",
        "repositoryURL": "https://github.com/Q-Mobile/QGrid",
        "state": {
          "branch": "master",
          "revision": "8565654a123a0fa5e7969443cc2b13512c6cea33",
          "version": null
        }
      },
      {
        "package": "rjps-lib-uf",
        "repositoryURL": "https://github.com/ricardopsantos/RJSLibUF",
        "state": {
          "branch": null,
          "revision": "a5d3f01571f592cea6c94d32481a90f5da8284d8",
          "version": null
        }
      },
      {
        "package": "SwiftUIX",
        "repositoryURL": "https://github.com/SwiftUIX/SwiftUIX",
        "state": {
          "branch": "master",
          "revision": "e23bf349d154ab1cd711ecdb993d480d07598647",
          "version": null
        }
      }
    ]
  },
  "version": 1
}
